{
  "nodes": {
    "deploy-rs": {
      "inputs": {
        "flake-compat": [
          "flake-compat"
        ],
        "nixpkgs": [
          "nixpkgs"
        ],
        "utils": [
          "flake-utils"
        ]
      },
      "locked": {
        "lastModified": 1683779844,
        "narHash": "sha256-sIeOU0GsCeQEn5TpqE/jFRN4EGsPsjqVRsPdrzIDABM=",
        "owner": "serokell",
        "repo": "deploy-rs",
        "rev": "c80189917086e43d49eece2bd86f56813500a0eb",
        "type": "github"
      },
      "original": {
        "owner": "serokell",
        "repo": "deploy-rs",
        "type": "github"
      }
    },
    "flake-compat": {
      "flake": false,
      "locked": {
        "lastModified": 1673956053,
        "narHash": "sha256-4gtG9iQuiKITOjNQQeQIpoIB6b16fm+504Ch3sNKLd8=",
        "owner": "edolstra",
        "repo": "flake-compat",
        "rev": "35bb57c0c8d8b62bbfd284272c928ceb64ddbde9",
        "type": "github"
      },
      "original": {
        "owner": "edolstra",
        "repo": "flake-compat",
        "type": "github"
      }
    },
    "flake-utils": {
      "inputs": {
        "systems": [
          "systems"
        ]
      },
      "locked": {
        "lastModified": 1681202837,
        "narHash": "sha256-H+Rh19JDwRtpVPAWp64F+rlEtxUWBAQW28eAi3SRSzg=",
        "owner": "numtide",
        "repo": "flake-utils",
        "rev": "cfacdce06f30d2b68473a46042957675eebb3401",
        "type": "github"
      },
      "original": {
        "owner": "numtide",
        "repo": "flake-utils",
        "type": "github"
      }
    },
    "gitignore": {
      "inputs": {
        "nixpkgs": [
          "pre-commit-hooks",
          "nixpkgs"
        ]
      },
      "locked": {
        "lastModified": 1660459072,
        "narHash": "sha256-8DFJjXG8zqoONA1vXtgeKXy68KdJL5UaXR8NtVMUbx8=",
        "owner": "hercules-ci",
        "repo": "gitignore.nix",
        "rev": "a20de23b925fd8264fd7fad6454652e142fd7f73",
        "type": "github"
      },
      "original": {
        "owner": "hercules-ci",
        "repo": "gitignore.nix",
        "type": "github"
      }
    },
    "home-manager": {
      "inputs": {
        "nixpkgs": [
          "nixpkgs"
        ],
        "utils": [
          "flake-utils"
        ]
      },
      "locked": {
        "lastModified": 1681092193,
        "narHash": "sha256-JerCqqOqbT2tBnXQW4EqwFl0hHnuZp21rIQ6lu/N4rI=",
        "owner": "nix-community",
        "repo": "home-manager",
        "rev": "f9edbedaf015013eb35f8caacbe0c9666bbc16af",
        "type": "github"
      },
      "original": {
        "owner": "nix-community",
        "ref": "release-22.11",
        "repo": "home-manager",
        "type": "github"
      }
    },
    "myconfig": {
      "flake": false,
      "locked": {
        "lastModified": 1,
        "narHash": "sha256-4szBVc5hurwmRGyhAlYtVKyRCBlUlgxx1+vjNywX7UI=",
        "path": "./config",
        "type": "path"
      },
      "original": {
        "path": "./config",
        "type": "path"
      }
    },
    "myhomemanager": {
      "inputs": {
        "home-manager": [
          "home-manager"
        ],
        "myconfig": [
          "myconfig"
        ],
        "myhomemanagermodules": [
          "myhomemanagermodules"
        ],
        "mylib": [
          "mylib"
        ],
        "myoverlays": [
          "myoverlays"
        ],
        "mypackages": [
          "mypackages"
        ],
        "nixpkgs": [
          "nixpkgs"
        ],
        "nixpkgs-unstable": [
          "nixpkgs-unstable"
        ],
        "systems": [
          "systems"
        ]
      },
      "locked": {
        "lastModified": 1,
        "narHash": "sha256-Zpp9SRPiXVC8Ic7eZc2KGpPQOaQCjrMUP3jQgAHetgo=",
        "path": "./users",
        "type": "path"
      },
      "original": {
        "path": "./users",
        "type": "path"
      }
    },
    "myhomemanagermodules": {
      "inputs": {
        "myconfig": [
          "myconfig"
        ]
      },
      "locked": {
        "lastModified": 1,
        "narHash": "sha256-kJAhqiYHCk/DvG/isa3DjEwzCtaMc2n0AruU+2sB2RE=",
        "path": "./modules/home-manager",
        "type": "path"
      },
      "original": {
        "path": "./modules/home-manager",
        "type": "path"
      }
    },
    "mylib": {
      "inputs": {
        "nixpkgs-lib": [
          "nixpkgs"
        ]
      },
      "locked": {
        "lastModified": 1,
        "narHash": "sha256-ENG9wvsaQG72h4Pd26qaQT4j0yaoi1KwSzck9+/aNM8=",
        "path": "./lib",
        "type": "path"
      },
      "original": {
        "path": "./lib",
        "type": "path"
      }
    },
    "mynixos": {
      "inputs": {
        "home-manager": [
          "home-manager"
        ],
        "myconfig": [
          "myconfig"
        ],
        "myhomemanager": [
          "myhomemanager"
        ],
        "mylib": [
          "mylib"
        ],
        "mynixosmodules": [
          "mynixosmodules"
        ],
        "myoverlays": [
          "myoverlays"
        ],
        "mypackages": [
          "mypackages"
        ],
        "mysecrets": [
          "mysecrets"
        ],
        "nixos-hardware": [
          "nixos-hardware"
        ],
        "nixpkgs": [
          "nixpkgs"
        ],
        "nixpkgs-unstable": [
          "nixpkgs-unstable"
        ],
        "sops-nix": [
          "sops-nix"
        ],
        "systems": [
          "systems"
        ]
      },
      "locked": {
        "lastModified": 1,
        "narHash": "sha256-+SPlgUXEDvTI3ygZavTcUmFx4H9XVlnQy7x5UeUBWqU=",
        "path": "./hosts",
        "type": "path"
      },
      "original": {
        "path": "./hosts",
        "type": "path"
      }
    },
    "mynixosmodules": {
      "locked": {
        "lastModified": 1,
        "narHash": "sha256-Wozp4BureVpji4NWPBfZ2XY3+Q8HPBn+SeqnigHkRT4=",
        "path": "./modules/nixos",
        "type": "path"
      },
      "original": {
        "path": "./modules/nixos",
        "type": "path"
      }
    },
    "myoverlays": {
      "flake": false,
      "locked": {
        "lastModified": 1,
        "narHash": "sha256-bhYffTwbbcSYveTy2/z9yFItTzERHOrAAWYy9ztQYeY=",
        "path": "./overlays",
        "type": "path"
      },
      "original": {
        "path": "./overlays",
        "type": "path"
      }
    },
    "mypackages": {
      "inputs": {
        "nixpkgs": [
          "nixpkgs"
        ],
        "systems": [
          "systems"
        ]
      },
      "locked": {
        "lastModified": 1,
        "narHash": "sha256-TODW7icnSHFRrOOz9sIbU9wgDRJIK1BlFv/NKiE/gng=",
        "path": "./packages",
        "type": "path"
      },
      "original": {
        "path": "./packages",
        "type": "path"
      }
    },
    "mysecrets": {
      "flake": false,
      "locked": {
        "lastModified": 1,
        "narHash": "sha256-pPiezhxNLGKFm5MLeSiHx4lRnEVt0cZtWW3GbVF5YX4=",
        "path": "./secrets",
        "type": "path"
      },
      "original": {
        "path": "./secrets",
        "type": "path"
      }
    },
    "nixos-hardware": {
      "locked": {
        "lastModified": 1683269598,
        "narHash": "sha256-KNsb+nBbB1Fmxd07dt4E0KXMT4YeKJB7gQaA6Xfk+mo=",
        "owner": "NixOS",
        "repo": "nixos-hardware",
        "rev": "51559e691f1493a26f94f1df1aaf516bb507e78b",
        "type": "github"
      },
      "original": {
        "owner": "NixOS",
        "ref": "master",
        "repo": "nixos-hardware",
        "type": "github"
      }
    },
    "nixpkgs": {
      "locked": {
        "lastModified": 1683627095,
        "narHash": "sha256-8u9SejRpL2TrMuHBdhYh4FKc1OGPDLyWTpIbNTtoHsA=",
        "owner": "NixOS",
        "repo": "nixpkgs",
        "rev": "a08e061a4ee8329747d54ddf1566d34c55c895eb",
        "type": "github"
      },
      "original": {
        "id": "nixpkgs",
        "ref": "nixos-22.11",
        "type": "indirect"
      }
    },
    "nixpkgs-unstable": {
      "locked": {
        "lastModified": 1683777345,
        "narHash": "sha256-V2p/A4RpEGqEZussOnHYMU6XglxBJGCODdzoyvcwig8=",
        "owner": "NixOS",
        "repo": "nixpkgs",
        "rev": "635a306fc8ede2e34cb3dd0d6d0a5d49362150ed",
        "type": "github"
      },
      "original": {
        "id": "nixpkgs",
        "ref": "nixpkgs-unstable",
        "type": "indirect"
      }
    },
    "pre-commit-hooks": {
      "inputs": {
        "flake-compat": [
          "flake-compat"
        ],
        "flake-utils": [
          "flake-utils"
        ],
        "gitignore": "gitignore",
        "nixpkgs": [
          "nixpkgs-unstable"
        ],
        "nixpkgs-stable": [
          "nixpkgs"
        ]
      },
      "locked": {
        "lastModified": 1682596858,
        "narHash": "sha256-Hf9XVpqaGqe/4oDGr30W8HlsWvJXtMsEPHDqHZA6dDg=",
        "owner": "cachix",
        "repo": "pre-commit-hooks.nix",
        "rev": "fb58866e20af98779017134319b5663b8215d912",
        "type": "github"
      },
      "original": {
        "owner": "cachix",
        "repo": "pre-commit-hooks.nix",
        "type": "github"
      }
    },
    "root": {
      "inputs": {
        "deploy-rs": "deploy-rs",
        "flake-compat": "flake-compat",
        "flake-utils": "flake-utils",
        "home-manager": "home-manager",
        "myconfig": "myconfig",
        "myhomemanager": "myhomemanager",
        "myhomemanagermodules": "myhomemanagermodules",
        "mylib": "mylib",
        "mynixos": "mynixos",
        "mynixosmodules": "mynixosmodules",
        "myoverlays": "myoverlays",
        "mypackages": "mypackages",
        "mysecrets": "mysecrets",
        "nixos-hardware": "nixos-hardware",
        "nixpkgs": "nixpkgs",
        "nixpkgs-unstable": "nixpkgs-unstable",
        "pre-commit-hooks": "pre-commit-hooks",
        "sops-nix": "sops-nix",
        "systems": "systems"
      }
    },
    "sops-nix": {
      "inputs": {
        "nixpkgs": [
          "nixpkgs"
        ],
        "nixpkgs-stable": [
          "nixpkgs"
        ]
      },
      "locked": {
        "lastModified": 1683545104,
        "narHash": "sha256-48wC0zzHAej/wLFWIgV+uj63AvQ2UUk85g7wmXJzTqk=",
        "owner": "Mic92",
        "repo": "sops-nix",
        "rev": "36b062a2c85a0efb37de1300c79c54602a094fab",
        "type": "github"
      },
      "original": {
        "owner": "Mic92",
        "repo": "sops-nix",
        "type": "github"
      }
    },
    "systems": {
      "locked": {
        "lastModified": 1681465817,
        "narHash": "sha256-6BsIR4fnrt4KuSMVy4Q0gh3y8g/tzDgbYnvtuG02hTs=",
        "owner": "vdbe",
        "repo": "nix-systems",
        "rev": "04ebda9b20a5132f2088c5d08f1a0516202164b0",
        "type": "github"
      },
      "original": {
        "owner": "vdbe",
        "repo": "nix-systems",
        "type": "github"
      }
    }
  },
  "root": "root",
  "version": 7
}
